
Microsoft Visual Studio Solution File, Format Version 12.00
# Visual Studio Version 17
VisualStudioVersion = 17.12.35707.178
MinimumVisualStudioVersion = 10.0.40219.1
Project("{FAE04EC0-301F-11D3-BF4B-00C04F79EFBC}") = "Test FCT", "Test FCT.csproj", "{77928DD8-8A38-4BD5-B871-6E7EBAD1248F}"
EndProject
Global
	GlobalSection(SolutionConfigurationPlatforms) = preSolution
		Debug|Any CPU = Debug|Any CPU
		Release|Any CPU = Release|Any CPU
	EndGlobalSection
	GlobalSection(ProjectConfigurationPlatforms) = postSolution
		{77928DD8-8A38-4BD5-B871-6E7EBAD1248F}.Debug|Any CPU.ActiveCfg = Debug|Any CPU
		{77928DD8-8A38-4BD5-B871-6E7EBAD1248F}.Debug|Any CPU.Build.0 = Debug|Any CPU
		{77928DD8-8A38-4BD5-B871-6E7EBAD1248F}.Release|Any CPU.ActiveCfg = Release|Any CPU
		{77928DD8-8A38-4BD5-B871-6E7EBAD1248F}.Release|Any CPU.Build.0 = Release|Any CPU
	EndGlobalSection
	GlobalSection(SolutionProperties) = preSolution
		HideSolutionNode = FALSE
	EndGlobalSection
EndGlobal
